
Microsoft Visual Studio Solution File, Format Version 12.00
# Visual Studio 2013
VisualStudioVersion = 12.0.30501.0
MinimumVisualStudioVersion = 10.0.40219.1
Project("{FAE04EC0-301F-11D3-BF4B-00C04F79EFBC}") = "SearchG2 Core CSharp", "SearchG2 Core CSharp\SearchG2 Core CSharp.csproj", "{4E75ACE8-E4C9-4FC0-8C0D-584B48B30520}"
EndProject
Project("{FAE04EC0-301F-11D3-BF4B-00C04F79EFBC}") = "SearchG2 Core Tests", "SearchG2 Core Tests\SearchG2 Core Tests.csproj", "{6A99A1F5-2F8E-431F-AB09-9DD5BFF972F1}"
EndProject
Project("{7CF6DF6D-3B04-46F8-A40B-537D21BCA0B4}") = "SearchG2 Core Docs", "SearchG2 Core Docs.shfbproj", "{B8718163-49D4-4C68-A041-863DFFE01258}"
EndProject
Global
	GlobalSection(SolutionConfigurationPlatforms) = preSolution
		Debug|Any CPU = Debug|Any CPU
		Release|Any CPU = Release|Any CPU
	EndGlobalSection
	GlobalSection(ProjectConfigurationPlatforms) = postSolution
		{4E75ACE8-E4C9-4FC0-8C0D-584B48B30520}.Debug|Any CPU.ActiveCfg = Debug|Any CPU
		{4E75ACE8-E4C9-4FC0-8C0D-584B48B30520}.Debug|Any CPU.Build.0 = Debug|Any CPU
		{4E75ACE8-E4C9-4FC0-8C0D-584B48B30520}.Release|Any CPU.ActiveCfg = Release|Any CPU
		{4E75ACE8-E4C9-4FC0-8C0D-584B48B30520}.Release|Any CPU.Build.0 = Release|Any CPU
		{6A99A1F5-2F8E-431F-AB09-9DD5BFF972F1}.Debug|Any CPU.ActiveCfg = Debug|Any CPU
		{6A99A1F5-2F8E-431F-AB09-9DD5BFF972F1}.Debug|Any CPU.Build.0 = Debug|Any CPU
		{6A99A1F5-2F8E-431F-AB09-9DD5BFF972F1}.Release|Any CPU.ActiveCfg = Release|Any CPU
		{6A99A1F5-2F8E-431F-AB09-9DD5BFF972F1}.Release|Any CPU.Build.0 = Release|Any CPU
		{B8718163-49D4-4C68-A041-863DFFE01258}.Debug|Any CPU.ActiveCfg = Debug|Any CPU
		{B8718163-49D4-4C68-A041-863DFFE01258}.Debug|Any CPU.Build.0 = Debug|Any CPU
		{B8718163-49D4-4C68-A041-863DFFE01258}.Release|Any CPU.ActiveCfg = Release|Any CPU
		{B8718163-49D4-4C68-A041-863DFFE01258}.Release|Any CPU.Build.0 = Release|Any CPU
	EndGlobalSection
	GlobalSection(SolutionProperties) = preSolution
		HideSolutionNode = FALSE
	EndGlobalSection
EndGlobal
